// !$*UTF8*$!
{
	archiveVersion = 1;
	classes = {
	};
	objectVersion = 46;
	objects = {

/* Begin PBXBuildFile section */
		63E016A81C595A89002D1C22 /* AppDelegate.swift in Sources */ = {isa = PBXBuildFile; fileRef = 63E016A71C595A89002D1C22 /* AppDelegate.swift */; };
		63E016AA1C595A89002D1C22 /* ViewController.swift in Sources */ = {isa = PBXBuildFile; fileRef = 63E016A91C595A89002D1C22 /* ViewController.swift */; };
		63E016AC1C595A89002D1C22 /* Assets.xcassets in Resources */ = {isa = PBXBuildFile; fileRef = 63E016AB1C595A89002D1C22 /* Assets.xcassets */; };
		63E016AF1C595A89002D1C22 /* Main.storyboard in Resources */ = {isa = PBXBuildFile; fileRef = 63E016AD1C595A89002D1C22 /* Main.storyboard */; };
/* End PBXBuildFile section */

/* Begin PBXFileReference section */
		63E016A41C595A89002D1C22 /* TartuWeather.app */ = {isa = PBXFileReference; explicitFileType = wrapper.application; includeInIndex = 0; path = TartuWeather.app; sourceTree = BUILT_PRODUCTS_DIR; };
		63E016A71C595A89002D1C22 /* AppDelegate.swift */ = {isa = PBXFileReference; lastKnownFileType = sourcecode.swift; path = AppDelegate.swift; sourceTree = "<group>"; };
		63E016A91C595A89002D1C22 /* ViewController.swift */ = {isa = PBXFileReference; lastKnownFileType = sourcecode.swift; path = ViewController.swift; sourceTree = "<group>"; };
		63E016AB1C595A89002D1C22 /* Assets.xcassets */ = {isa = PBXFileReference; lastKnownFileType = folder.assetcatalog; path = Assets.xcassets; sourceTree = "<group>"; };
		63E016AE1C595A89002D1C22 /* Base */ = {isa = PBXFileReference; lastKnownFileType = file.storyboard; name = Base; path = Base.lproj/Main.storyboard; sourceTree = "<group>"; };
		63E016B01C595A89002D1C22 /* Info.plist */ = {isa = PBXFileReference; lastKnownFileType = text.plist.xml; path = Info.plist; sourceTree = "<group>"; };
/* End PBXFileReference section */

/* Begin PBXFrameworksBuildPhase section */
		63E016A11C595A89002D1C22 /* Frameworks */ = {
			isa = PBXFrameworksBuildPhase;
			buildActionMask = 2147483647;
			files = (
			);
			runOnlyForDeploymentPostprocessing = 0;
		};
/* End PBXFrameworksBuildPhase section */

/* Begin PBXGroup section */
		63E0169B1C595A89002D1C22 = {
			isa = PBXGroup;
			children = (
				63E016A61C595A89002D1C22 /* TartuWeather */,
				63E016A51C595A89002D1C22 /* Products */,
			);
			sourceTree = "<group>";
		};
		63E016A51C595A89002D1C22 /* Products */ = {
			isa = PBXGroup;
			children = (
				63E016A41C595A89002D1C22 /* TartuWeather.app */,
			);
			name = Products;
			sourceTree = "<group>";
		};
		63E016A61C595A89002D1C22 /* TartuWeather */ = {
			isa = PBXGroup;
			children = (
				63E016A71C595A89002D1C22 /* AppDelegate.swift */,
				63E016A91C595A89002D1C22 /* ViewController.swift */,
				63E016AB1C595A89002D1C22 /* Assets.xcassets */,
				63E016AD1C595A89002D1C22 /* Main.storyboard */,
				63E016B01C595A89002D1C22 /* Info.plist */,
			);
			path = TartuWeather;
			sourceTree = "<group>";
		};
/* End PBXGroup section */

/* Begin PBXNativeTarget section */
		63E016A31C595A89002D1C22 /* TartuWeather */ = {
			isa = PBXNativeTarget;
			buildConfigurationList = 63E016B31C595A89002D1C22 /* Build configuration list for PBXNativeTarget "TartuWeather" */;
			buildPhases = (
				63E016A01C595A89002D1C22 /* Sources */,
				63E016A11C595A89002D1C22 /* Frameworks */,
				63E016A21C595A89002D1C22 /* Resources */,
			);
			buildRules = (
			);
			dependencies = (
			);
			name = TartuWeather;
			productName = TartuWeather;
			productReference = 63E016A41C595A89002D1C22 /* TartuWeather.app */;
			productType = "com.apple.product-type.application";
		};
/* End PBXNativeTarget section */

/* Begin PBXProject section */
		63E0169C1C595A89002D1C22 /* Project object */ = {
			isa = PBXProject;
			attributes = {
				LastSwiftUpdateCheck = 0720;
				LastUpgradeCheck = 0720;
				ORGANIZATIONNAME = fassko;
				TargetAttributes = {
					63E016A31C595A89002D1C22 = {
						CreatedOnToolsVersion = 7.2;
					};
				};
			};
			buildConfigurationList = 63E0169F1C595A89002D1C22 /* Build configuration list for PBXProject "TartuWeather" */;
			compatibilityVersion = "Xcode 3.2";
			developmentRegion = English;
			hasScannedForEncodings = 0;
			knownRegions = (
				en,
				Base,
			);
			mainGroup = 63E0169B1C595A89002D1C22;
			productRefGroup = 63E016A51C595A89002D1C22 /* Products */;
			projectDirPath = "";
			projectRoot = "";
			targets = (
				63E016A31C595A89002D1C22 /* TartuWeather */,
			);
		};
/* End PBXProject section */

/* Begin PBXResourcesBuildPhase section */
		63E016A21C595A89002D1C22 /* Resources */ = {
			isa = PBXResourcesBuildPhase;
			buildActionMask = 2147483647;
			files = (
				63E016AC1C595A89002D1C22 /* Assets.xcassets in Resources */,
				63E016AF1C595A89002D1C22 /* Main.storyboard in Resources */,
			);
			runOnlyForDeploymentPostprocessing = 0;
		};
/* End PBXResourcesBuildPhase section */

/* Begin PBXSourcesBuildPhase section */
		63E016A01C595A89002D1C22 /* Sources */ = {
			isa = PBXSourcesBuildPhase;
			buildActionMask = 2147483647;
			files = (
				63E016AA1C595A89002D1C22 /* ViewController.swift in Sources */,
				63E016A81C595A89002D1C22 /* AppDelegate.swift in Sources */,
			);
			runOnlyForDeploymentPostprocessing = 0;
		};
/* End PBXSourcesBuildPhase section */

/* Begin PBXVariantGroup section */
		63E016AD1C595A89002D1C22 /* Main.storyboard */ = {
			isa = PBXVariantGroup;
			children = (
				63E016AE1C595A89002D1C22 /* Base */,
			);
			name = Main.storyboard;
			sourceTree = "<group>";
		};
/* End PBXVariantGroup section */

/* Begin XCBuildConfiguration section */
		63E016B11C595A89002D1C22 /* Debug */ = {
			isa = XCBuildConfiguration;
			buildSettings = {
				ALWAYS_SEARCH_USER_PATHS = NO;
				CLANG_CXX_LANGUAGE_STANDARD = "gnu++0x";
				CLANG_CXX_LIBRARY = "libc++";
				CLANG_ENABLE_MODULES = YES;
				CLANG_ENABLE_OBJC_ARC = YES;
				CLANG_WARN_BOOL_CONVERSION = YES;
				CLANG_WARN_CONSTANT_CONVERSION = YES;
				CLANG_WARN_DIRECT_OBJC_ISA_USAGE = YES_ERROR;
				CLANG_WARN_EMPTY_BODY = YES;
				CLANG_WARN_ENUM_CONVERSION = YES;
				CLANG_WARN_INT_CONVERSION = YES;
				CLANG_WARN_OBJC_ROOT_CLASS = YES_ERROR;
				CLANG_WARN_UNREACHABLE_CODE = YES;
				CLANG_WARN__DUPLICATE_METHOD_MATCH = YES;
				CODE_SIGN_IDENTITY = "-";
				COPY_PHASE_STRIP = NO;
				DEBUG_INFORMATION_FORMAT = dwarf;
				ENABLE_STRICT_OBJC_MSGSEND = YES;
				ENABLE_TESTABILITY = YES;
				GCC_C_LANGUAGE_STANDARD = gnu99;
				GCC_DYNAMIC_NO_PIC = NO;
				GCC_NO_COMMON_BLOCKS = YES;
				GCC_OPTIMIZATION_LEVEL = 0;
				GCC_PREPROCESSOR_DEFINITIONS = (
					"DEBUG=1",
					"$(inherited)",
				);
				GCC_WARN_64_TO_32_BIT_CONVERSION = YES;
				GCC_WARN_ABOUT_RETURN_TYPE = YES_ERROR;
				GCC_WARN_UNDECLARED_SELECTOR = YES;
				GCC_WARN_UNINITIALIZED_AUTOS = YES_AGGRESSIVE;
				GCC_WARN_UNUSED_FUNCTION = YES;
				GCC_WARN_UNUSED_VARIABLE = YES;
				MACOSX_DEPLOYMENT_TARGET = 10.11;
				MTL_ENABLE_DEBUG_INFO = YES;
				ONLY_ACTIVE_ARCH = YES;
				SDKROOT = macosx;
				SWIFT_OPTIMIZATION_LEVEL = "-Onone";
			};
			name = Debug;
		};
		63E016B21C595A89002D1C22 /* Release */ = {
			isa = XCBuildConfiguration;
			buildSettings = {
				ALWAYS_SEARCH_USER_PATHS = NO;
				CLANG_CXX_LANGUAGE_STANDARD = "gnu++0x";
				CLANG_CXX_LIBRARY = "libc++";
				CLANG_ENABLE_MODULES = YES;
				CLANG_ENABLE_OBJC_ARC = YES;
				CLANG_WARN_BOOL_CONVERSION = YES;
				CLANG_WARN_CONSTANT_CONVERSION = YES;
				CLANG_WARN_DIRECT_OBJC_ISA_USAGE = YES_ERROR;
				CLANG_WARN_EMPTY_BODY = YES;
				CLANG_WARN_ENUM_CONVERSION = YES;
				CLANG_WARN_INT_CONVERSION = YES;
				CLANG_WARN_OBJC_ROOT_CLASS = YES_ERROR;
				CLANG_WARN_UNREACHABLE_CODE = YES;
				CLANG_WARN__DUPLICATE_METHOD_MATCH = YES;
				CODE_SIGN_IDENTITY = "-";
				COPY_PHASE_STRIP = NO;
				DEBUG_INFORMATION_FORMAT = "dwarf-with-dsym";
				ENABLE_NS_ASSERTIONS = NO;
				ENABLE_STRICT_OBJC_MSGSEND = YES;
				GCC_C_LANGUAGE_STANDARD = gnu99;
				GCC_NO_COMMON_BLOCKS = YES;
				GCC_WARN_64_TO_32_BIT_CONVERSION = YES;
				GCC_WARN_ABOUT_RETURN_TYPE = YES_ERROR;
				GCC_WARN_UNDECLARED_SELECTOR = YES;
				GCC_WARN_UNINITIALIZED_AUTOS = YES_AGGRESSIVE;
				GCC_WARN_UNUSED_FUNCTION = YES;
				GCC_WARN_UNUSED_VARIABLE = YES;
				MACOSX_DEPLOYMENT_TARGET = 10.11;
				MTL_ENABLE_DEBUG_INFO = NO;
				SDKROOT = macosx;
			};
			name = Release;
		};
		63E016B41C595A89002D1C22 /* Debug */ = {
			isa = XCBuildConfiguration;
			buildSettings = {
				ASSETCATALOG_COMPILER_APPICON_NAME = AppIcon;
				COMBINE_HIDPI_IMAGES = YES;
				INFOPLIST_FILE = TartuWeather/Info.plist;
				LD_RUNPATH_SEARCH_PATHS = "$(inherited) @executable_path/../Frameworks";
				PRODUCT_BUNDLE_IDENTIFIER = com.fassko.TartuWeather;
				PRODUCT_NAME = "$(TARGET_NAME)";
			};
			name = Debug;
		};
		63E016B51C595A89002D1C22 /* Release */ = {
			isa = XCBuildConfiguration;
			buildSettings = {
				ASSETCATALOG_COMPILER_APPICON_NAME = AppIcon;
				COMBINE_HIDPI_IMAGES = YES;
				INFOPLIST_FILE = TartuWeather/Info.plist;
				LD_RUNPATH_SEARCH_PATHS = "$(inherited) @executable_path/../Frameworks";
				PRODUCT_BUNDLE_IDENTIFIER = com.fassko.TartuWeather;
				PRODUCT_NAME = "$(TARGET_NAME)";
			};
			name = Release;
		};
/* End XCBuildConfiguration section */

/* Begin XCConfigurationList section */
		63E0169F1C595A89002D1C22 /* Build configuration list for PBXProject "TartuWeather" */ = {
			isa = XCConfigurationList;
			buildConfigurations = (
				63E016B11C595A89002D1C22 /* Debug */,
				63E016B21C595A89002D1C22 /* Release */,
			);
			defaultConfigurationIsVisible = 0;
			defaultConfigurationName = Release;
		};
		63E016B31C595A89002D1C22 /* Build configuration list for PBXNativeTarget "TartuWeather" */ = {
			isa = XCConfigurationList;
			buildConfigurations = (
				63E016B41C595A89002D1C22 /* Debug */,
				63E016B51C595A89002D1C22 /* Release */,
			);
			defaultConfigurationIsVisible = 0;
		};
/* End XCConfigurationList section */
	};
	rootObject = 63E0169C1C595A89002D1C22 /* Project object */;
}
