// !$*UTF8*$!
{
	archiveVersion = 1;
	classes = {
	};
	objectVersion = 46;
	objects = {

/* Begin PBXBuildFile section */
		6346AF731C5E6BC400694EA7 /* NotificationCenter.framework in Frameworks */ = {isa = PBXBuildFile; fileRef = 63E016BC1C595AB2002D1C22 /* NotificationCenter.framework */; };
		6346AF781C5E6BC500694EA7 /* TodayViewController.swift in Sources */ = {isa = PBXBuildFile; fileRef = 6346AF771C5E6BC500694EA7 /* TodayViewController.swift */; };
		6346AF7B1C5E6BC500694EA7 /* TodayViewController.xib in Resources */ = {isa = PBXBuildFile; fileRef = 6346AF791C5E6BC500694EA7 /* TodayViewController.xib */; };
		6346AF7F1C5E6BC500694EA7 /* InfoPlist.strings in Resources */ = {isa = PBXBuildFile; fileRef = 6346AF7D1C5E6BC500694EA7 /* InfoPlist.strings */; };
		6346AF821C5E6BC500694EA7 /* meteoTartuWidget.appex in Embed App Extensions */ = {isa = PBXBuildFile; fileRef = 6346AF721C5E6BC400694EA7 /* meteoTartuWidget.appex */; settings = {ATTRIBUTES = (RemoveHeadersOnCopy, ); }; };
		63E016A81C595A89002D1C22 /* AppDelegate.swift in Sources */ = {isa = PBXBuildFile; fileRef = 63E016A71C595A89002D1C22 /* AppDelegate.swift */; };
		63E016AA1C595A89002D1C22 /* ViewController.swift in Sources */ = {isa = PBXBuildFile; fileRef = 63E016A91C595A89002D1C22 /* ViewController.swift */; };
		63E016AC1C595A89002D1C22 /* Assets.xcassets in Resources */ = {isa = PBXBuildFile; fileRef = 63E016AB1C595A89002D1C22 /* Assets.xcassets */; };
		63E016AF1C595A89002D1C22 /* Main.storyboard in Resources */ = {isa = PBXBuildFile; fileRef = 63E016AD1C595A89002D1C22 /* Main.storyboard */; };
		8DB30B4F4CEA074430CF39AB /* Pods_TartuWeather.framework in Frameworks */ = {isa = PBXBuildFile; fileRef = 11829B6DB4572161774546E4 /* Pods_TartuWeather.framework */; };
		FFBBF2A6F0D5CB58D797C39A /* Pods_meteoTartuWidget.framework in Frameworks */ = {isa = PBXBuildFile; fileRef = 8CB011E320E372FA87C0FEB2 /* Pods_meteoTartuWidget.framework */; };
/* End PBXBuildFile section */

/* Begin PBXContainerItemProxy section */
		6346AF801C5E6BC500694EA7 /* PBXContainerItemProxy */ = {
			isa = PBXContainerItemProxy;
			containerPortal = 63E0169C1C595A89002D1C22 /* Project object */;
			proxyType = 1;
			remoteGlobalIDString = 6346AF711C5E6BC400694EA7;
			remoteInfo = meteoTartuWidget;
		};
/* End PBXContainerItemProxy section */

/* Begin PBXCopyFilesBuildPhase section */
		63E016D01C595AB2002D1C22 /* Embed App Extensions */ = {
			isa = PBXCopyFilesBuildPhase;
			buildActionMask = 2147483647;
			dstPath = "";
			dstSubfolderSpec = 13;
			files = (
				6346AF821C5E6BC500694EA7 /* meteoTartuWidget.appex in Embed App Extensions */,
			);
			name = "Embed App Extensions";
			runOnlyForDeploymentPostprocessing = 0;
		};
/* End PBXCopyFilesBuildPhase section */

/* Begin PBXFileReference section */
		11829B6DB4572161774546E4 /* Pods_TartuWeather.framework */ = {isa = PBXFileReference; explicitFileType = wrapper.framework; includeInIndex = 0; path = Pods_TartuWeather.framework; sourceTree = BUILT_PRODUCTS_DIR; };
		250FD7F8C1EA6447E71E4BD5 /* Pods.framework */ = {isa = PBXFileReference; explicitFileType = wrapper.framework; includeInIndex = 0; path = Pods.framework; sourceTree = BUILT_PRODUCTS_DIR; };
		3C6C0E6B6521E9ED2BC6B6AA /* Pods-TartuWeather.debug.xcconfig */ = {isa = PBXFileReference; includeInIndex = 1; lastKnownFileType = text.xcconfig; name = "Pods-TartuWeather.debug.xcconfig"; path = "Pods/Target Support Files/Pods-TartuWeather/Pods-TartuWeather.debug.xcconfig"; sourceTree = "<group>"; };
		633201E91C67DCE2004072AA /* TartuWeather.entitlements */ = {isa = PBXFileReference; lastKnownFileType = text.xml; path = TartuWeather.entitlements; sourceTree = "<group>"; };
		6346AF721C5E6BC400694EA7 /* meteoTartuWidget.appex */ = {isa = PBXFileReference; explicitFileType = "wrapper.app-extension"; includeInIndex = 0; path = meteoTartuWidget.appex; sourceTree = BUILT_PRODUCTS_DIR; };
		6346AF761C5E6BC400694EA7 /* meteoTartuWidget.entitlements */ = {isa = PBXFileReference; lastKnownFileType = text.xml; path = meteoTartuWidget.entitlements; sourceTree = "<group>"; };
		6346AF771C5E6BC500694EA7 /* TodayViewController.swift */ = {isa = PBXFileReference; lastKnownFileType = sourcecode.swift; path = TodayViewController.swift; sourceTree = "<group>"; };
		6346AF7A1C5E6BC500694EA7 /* Base */ = {isa = PBXFileReference; lastKnownFileType = file.xib; name = Base; path = Base.lproj/TodayViewController.xib; sourceTree = "<group>"; };
		6346AF7C1C5E6BC500694EA7 /* Info.plist */ = {isa = PBXFileReference; lastKnownFileType = text.plist.xml; path = Info.plist; sourceTree = "<group>"; };
		6346AF7E1C5E6BC500694EA7 /* en */ = {isa = PBXFileReference; lastKnownFileType = text.plist.strings; name = en; path = en.lproj/InfoPlist.strings; sourceTree = "<group>"; };
		6346AF8A1C5EA33C00694EA7 /* Pods.framework */ = {isa = PBXFileReference; lastKnownFileType = wrapper.framework; name = Pods.framework; path = Pods/../build/Debug/Pods.framework; sourceTree = "<group>"; };
		63E016A41C595A89002D1C22 /* TartuWeather.app */ = {isa = PBXFileReference; explicitFileType = wrapper.application; includeInIndex = 0; path = TartuWeather.app; sourceTree = BUILT_PRODUCTS_DIR; };
		63E016A71C595A89002D1C22 /* AppDelegate.swift */ = {isa = PBXFileReference; lastKnownFileType = sourcecode.swift; path = AppDelegate.swift; sourceTree = "<group>"; };
		63E016A91C595A89002D1C22 /* ViewController.swift */ = {isa = PBXFileReference; lastKnownFileType = sourcecode.swift; path = ViewController.swift; sourceTree = "<group>"; };
		63E016AB1C595A89002D1C22 /* Assets.xcassets */ = {isa = PBXFileReference; lastKnownFileType = folder.assetcatalog; path = Assets.xcassets; sourceTree = "<group>"; };
		63E016AE1C595A89002D1C22 /* Base */ = {isa = PBXFileReference; lastKnownFileType = file.storyboard; name = Base; path = Base.lproj/Main.storyboard; sourceTree = "<group>"; };
		63E016B01C595A89002D1C22 /* Info.plist */ = {isa = PBXFileReference; lastKnownFileType = text.plist.xml; path = Info.plist; sourceTree = "<group>"; };
		63E016BC1C595AB2002D1C22 /* NotificationCenter.framework */ = {isa = PBXFileReference; lastKnownFileType = wrapper.framework; name = NotificationCenter.framework; path = System/Library/Frameworks/NotificationCenter.framework; sourceTree = SDKROOT; };
		686F5FAF3E205539FEF3020C /* Pods-meteoTartuWidget.debug.xcconfig */ = {isa = PBXFileReference; includeInIndex = 1; lastKnownFileType = text.xcconfig; name = "Pods-meteoTartuWidget.debug.xcconfig"; path = "Pods/Target Support Files/Pods-meteoTartuWidget/Pods-meteoTartuWidget.debug.xcconfig"; sourceTree = "<group>"; };
		8A52F7866619DD6D02B38785 /* Pods-meteoTartuWidget.release.xcconfig */ = {isa = PBXFileReference; includeInIndex = 1; lastKnownFileType = text.xcconfig; name = "Pods-meteoTartuWidget.release.xcconfig"; path = "Pods/Target Support Files/Pods-meteoTartuWidget/Pods-meteoTartuWidget.release.xcconfig"; sourceTree = "<group>"; };
		8CB011E320E372FA87C0FEB2 /* Pods_meteoTartuWidget.framework */ = {isa = PBXFileReference; explicitFileType = wrapper.framework; includeInIndex = 0; path = Pods_meteoTartuWidget.framework; sourceTree = BUILT_PRODUCTS_DIR; };
		CEF8A60B87FFDE3BA4265AFD /* Pods-TartuWeather.release.xcconfig */ = {isa = PBXFileReference; includeInIndex = 1; lastKnownFileType = text.xcconfig; name = "Pods-TartuWeather.release.xcconfig"; path = "Pods/Target Support Files/Pods-TartuWeather/Pods-TartuWeather.release.xcconfig"; sourceTree = "<group>"; };
/* End PBXFileReference section */

/* Begin PBXFrameworksBuildPhase section */
		6346AF6F1C5E6BC400694EA7 /* Frameworks */ = {
			isa = PBXFrameworksBuildPhase;
			buildActionMask = 2147483647;
			files = (
				6346AF731C5E6BC400694EA7 /* NotificationCenter.framework in Frameworks */,
				FFBBF2A6F0D5CB58D797C39A /* Pods_meteoTartuWidget.framework in Frameworks */,
			);
			runOnlyForDeploymentPostprocessing = 0;
		};
		63E016A11C595A89002D1C22 /* Frameworks */ = {
			isa = PBXFrameworksBuildPhase;
			buildActionMask = 2147483647;
			files = (
				8DB30B4F4CEA074430CF39AB /* Pods_TartuWeather.framework in Frameworks */,
			);
			runOnlyForDeploymentPostprocessing = 0;
		};
/* End PBXFrameworksBuildPhase section */

/* Begin PBXGroup section */
		6346AF741C5E6BC400694EA7 /* meteoTartuWidget */ = {
			isa = PBXGroup;
			children = (
				6346AF771C5E6BC500694EA7 /* TodayViewController.swift */,
				6346AF791C5E6BC500694EA7 /* TodayViewController.xib */,
				6346AF7C1C5E6BC500694EA7 /* Info.plist */,
				6346AF7D1C5E6BC500694EA7 /* InfoPlist.strings */,
				6346AF751C5E6BC400694EA7 /* Supporting Files */,
			);
			path = meteoTartuWidget;
			sourceTree = "<group>";
		};
		6346AF751C5E6BC400694EA7 /* Supporting Files */ = {
			isa = PBXGroup;
			children = (
				6346AF761C5E6BC400694EA7 /* meteoTartuWidget.entitlements */,
			);
			name = "Supporting Files";
			sourceTree = "<group>";
		};
		63E0169B1C595A89002D1C22 = {
			isa = PBXGroup;
			children = (
				63E016A61C595A89002D1C22 /* TartuWeather */,
				6346AF741C5E6BC400694EA7 /* meteoTartuWidget */,
				63E016BB1C595AB2002D1C22 /* Frameworks */,
				63E016A51C595A89002D1C22 /* Products */,
				C01C4CB65245848BA963B644 /* Pods */,
			);
			sourceTree = "<group>";
		};
		63E016A51C595A89002D1C22 /* Products */ = {
			isa = PBXGroup;
			children = (
				63E016A41C595A89002D1C22 /* TartuWeather.app */,
				6346AF721C5E6BC400694EA7 /* meteoTartuWidget.appex */,
			);
			name = Products;
			sourceTree = "<group>";
		};
		63E016A61C595A89002D1C22 /* TartuWeather */ = {
			isa = PBXGroup;
			children = (
				633201E91C67DCE2004072AA /* TartuWeather.entitlements */,
				63E016A71C595A89002D1C22 /* AppDelegate.swift */,
				63E016A91C595A89002D1C22 /* ViewController.swift */,
				63E016AB1C595A89002D1C22 /* Assets.xcassets */,
				63E016AD1C595A89002D1C22 /* Main.storyboard */,
				63E016B01C595A89002D1C22 /* Info.plist */,
			);
			path = TartuWeather;
			sourceTree = "<group>";
		};
		63E016BB1C595AB2002D1C22 /* Frameworks */ = {
			isa = PBXGroup;
			children = (
				6346AF8A1C5EA33C00694EA7 /* Pods.framework */,
				63E016BC1C595AB2002D1C22 /* NotificationCenter.framework */,
				250FD7F8C1EA6447E71E4BD5 /* Pods.framework */,
				11829B6DB4572161774546E4 /* Pods_TartuWeather.framework */,
				8CB011E320E372FA87C0FEB2 /* Pods_meteoTartuWidget.framework */,
			);
			name = Frameworks;
			sourceTree = "<group>";
		};
		C01C4CB65245848BA963B644 /* Pods */ = {
			isa = PBXGroup;
			children = (
				3C6C0E6B6521E9ED2BC6B6AA /* Pods-TartuWeather.debug.xcconfig */,
				CEF8A60B87FFDE3BA4265AFD /* Pods-TartuWeather.release.xcconfig */,
				686F5FAF3E205539FEF3020C /* Pods-meteoTartuWidget.debug.xcconfig */,
				8A52F7866619DD6D02B38785 /* Pods-meteoTartuWidget.release.xcconfig */,
			);
			name = Pods;
			sourceTree = "<group>";
		};
/* End PBXGroup section */

/* Begin PBXNativeTarget section */
		6346AF711C5E6BC400694EA7 /* meteoTartuWidget */ = {
			isa = PBXNativeTarget;
			buildConfigurationList = 6346AF831C5E6BC500694EA7 /* Build configuration list for PBXNativeTarget "meteoTartuWidget" */;
			buildPhases = (
				AC8F430BC8FD372948D623E3 /* [CP] Check Pods Manifest.lock */,
				6346AF6E1C5E6BC400694EA7 /* Sources */,
				6346AF6F1C5E6BC400694EA7 /* Frameworks */,
				6346AF701C5E6BC400694EA7 /* Resources */,
				A1825CD3B651C273D5045D9B /* [CP] Copy Pods Resources */,
			);
			buildRules = (
			);
			dependencies = (
			);
			name = meteoTartuWidget;
			productName = meteoTartuWidget;
			productReference = 6346AF721C5E6BC400694EA7 /* meteoTartuWidget.appex */;
			productType = "com.apple.product-type.app-extension";
		};
		63E016A31C595A89002D1C22 /* TartuWeather */ = {
			isa = PBXNativeTarget;
			buildConfigurationList = 63E016B31C595A89002D1C22 /* Build configuration list for PBXNativeTarget "TartuWeather" */;
			buildPhases = (
				89FDCC9CEC6C3BA68C6A595F /* [CP] Check Pods Manifest.lock */,
				63E016A01C595A89002D1C22 /* Sources */,
				63E016A11C595A89002D1C22 /* Frameworks */,
				63E016A21C595A89002D1C22 /* Resources */,
				63E016D01C595AB2002D1C22 /* Embed App Extensions */,
				75F298457A40C0C97393FBEF /* [CP] Embed Pods Frameworks */,
				057A42A54CEBC7B7A946E63E /* [CP] Copy Pods Resources */,
			);
			buildRules = (
			);
			dependencies = (
				6346AF811C5E6BC500694EA7 /* PBXTargetDependency */,
			);
			name = TartuWeather;
			productName = TartuWeather;
			productReference = 63E016A41C595A89002D1C22 /* TartuWeather.app */;
			productType = "com.apple.product-type.application";
		};
/* End PBXNativeTarget section */

/* Begin PBXProject section */
		63E0169C1C595A89002D1C22 /* Project object */ = {
			isa = PBXProject;
			attributes = {
				LastSwiftUpdateCheck = 0720;
				LastUpgradeCheck = 0720;
				ORGANIZATIONNAME = fassko;
				TargetAttributes = {
					6346AF711C5E6BC400694EA7 = {
						CreatedOnToolsVersion = 7.2;
						DevelopmentTeam = 3SGNZQGS68;
						LastSwiftMigration = 0810;
					};
					63E016A31C595A89002D1C22 = {
						CreatedOnToolsVersion = 7.2;
						DevelopmentTeam = 3SGNZQGS68;
						SystemCapabilities = {
							com.apple.Sandbox = {
								enabled = 1;
							};
						};
					};
				};
			};
			buildConfigurationList = 63E0169F1C595A89002D1C22 /* Build configuration list for PBXProject "TartuWeather" */;
			compatibilityVersion = "Xcode 3.2";
			developmentRegion = English;
			hasScannedForEncodings = 0;
			knownRegions = (
				en,
				Base,
			);
			mainGroup = 63E0169B1C595A89002D1C22;
			productRefGroup = 63E016A51C595A89002D1C22 /* Products */;
			projectDirPath = "";
			projectRoot = "";
			targets = (
				63E016A31C595A89002D1C22 /* TartuWeather */,
				6346AF711C5E6BC400694EA7 /* meteoTartuWidget */,
			);
		};
/* End PBXProject section */

/* Begin PBXResourcesBuildPhase section */
		6346AF701C5E6BC400694EA7 /* Resources */ = {
			isa = PBXResourcesBuildPhase;
			buildActionMask = 2147483647;
			files = (
				6346AF7B1C5E6BC500694EA7 /* TodayViewController.xib in Resources */,
				6346AF7F1C5E6BC500694EA7 /* InfoPlist.strings in Resources */,
			);
			runOnlyForDeploymentPostprocessing = 0;
		};
		63E016A21C595A89002D1C22 /* Resources */ = {
			isa = PBXResourcesBuildPhase;
			buildActionMask = 2147483647;
			files = (
				63E016AC1C595A89002D1C22 /* Assets.xcassets in Resources */,
				63E016AF1C595A89002D1C22 /* Main.storyboard in Resources */,
			);
			runOnlyForDeploymentPostprocessing = 0;
		};
/* End PBXResourcesBuildPhase section */

/* Begin PBXShellScriptBuildPhase section */
		057A42A54CEBC7B7A946E63E /* [CP] Copy Pods Resources */ = {
			isa = PBXShellScriptBuildPhase;
			buildActionMask = 2147483647;
			files = (
			);
			inputPaths = (
			);
			name = "[CP] Copy Pods Resources";
			outputPaths = (
			);
			runOnlyForDeploymentPostprocessing = 0;
			shellPath = /bin/sh;
			shellScript = "\"${SRCROOT}/Pods/Target Support Files/Pods-TartuWeather/Pods-TartuWeather-resources.sh\"\n";
			showEnvVarsInLog = 0;
		};
		75F298457A40C0C97393FBEF /* [CP] Embed Pods Frameworks */ = {
			isa = PBXShellScriptBuildPhase;
			buildActionMask = 2147483647;
			files = (
			);
			inputPaths = (
			);
			name = "[CP] Embed Pods Frameworks";
			outputPaths = (
			);
			runOnlyForDeploymentPostprocessing = 0;
			shellPath = /bin/sh;
			shellScript = "\"${SRCROOT}/Pods/Target Support Files/Pods-TartuWeather/Pods-TartuWeather-frameworks.sh\"\n";
			showEnvVarsInLog = 0;
		};
		89FDCC9CEC6C3BA68C6A595F /* [CP] Check Pods Manifest.lock */ = {
			isa = PBXShellScriptBuildPhase;
			buildActionMask = 2147483647;
			files = (
			);
			inputPaths = (
			);
			name = "[CP] Check Pods Manifest.lock";
			outputPaths = (
			);
			runOnlyForDeploymentPostprocessing = 0;
			shellPath = /bin/sh;
			shellScript = "diff \"${PODS_ROOT}/../Podfile.lock\" \"${PODS_ROOT}/Manifest.lock\" > /dev/null\nif [ $? != 0 ] ; then\n    # print error to STDERR\n    echo \"error: The sandbox is not in sync with the Podfile.lock. Run 'pod install' or update your CocoaPods installation.\" >&2\n    exit 1\nfi\n";
			showEnvVarsInLog = 0;
		};
		A1825CD3B651C273D5045D9B /* [CP] Copy Pods Resources */ = {
			isa = PBXShellScriptBuildPhase;
			buildActionMask = 2147483647;
			files = (
			);
			inputPaths = (
			);
			name = "[CP] Copy Pods Resources";
			outputPaths = (
			);
			runOnlyForDeploymentPostprocessing = 0;
			shellPath = /bin/sh;
			shellScript = "\"${SRCROOT}/Pods/Target Support Files/Pods-meteoTartuWidget/Pods-meteoTartuWidget-resources.sh\"\n";
			showEnvVarsInLog = 0;
		};
		AC8F430BC8FD372948D623E3 /* [CP] Check Pods Manifest.lock */ = {
			isa = PBXShellScriptBuildPhase;
			buildActionMask = 2147483647;
			files = (
			);
			inputPaths = (
			);
			name = "[CP] Check Pods Manifest.lock";
			outputPaths = (
			);
			runOnlyForDeploymentPostprocessing = 0;
			shellPath = /bin/sh;
			shellScript = "diff \"${PODS_ROOT}/../Podfile.lock\" \"${PODS_ROOT}/Manifest.lock\" > /dev/null\nif [ $? != 0 ] ; then\n    # print error to STDERR\n    echo \"error: The sandbox is not in sync with the Podfile.lock. Run 'pod install' or update your CocoaPods installation.\" >&2\n    exit 1\nfi\n";
			showEnvVarsInLog = 0;
		};
/* End PBXShellScriptBuildPhase section */

/* Begin PBXSourcesBuildPhase section */
		6346AF6E1C5E6BC400694EA7 /* Sources */ = {
			isa = PBXSourcesBuildPhase;
			buildActionMask = 2147483647;
			files = (
				6346AF781C5E6BC500694EA7 /* TodayViewController.swift in Sources */,
			);
			runOnlyForDeploymentPostprocessing = 0;
		};
		63E016A01C595A89002D1C22 /* Sources */ = {
			isa = PBXSourcesBuildPhase;
			buildActionMask = 2147483647;
			files = (
				63E016AA1C595A89002D1C22 /* ViewController.swift in Sources */,
				63E016A81C595A89002D1C22 /* AppDelegate.swift in Sources */,
			);
			runOnlyForDeploymentPostprocessing = 0;
		};
/* End PBXSourcesBuildPhase section */

/* Begin PBXTargetDependency section */
		6346AF811C5E6BC500694EA7 /* PBXTargetDependency */ = {
			isa = PBXTargetDependency;
			target = 6346AF711C5E6BC400694EA7 /* meteoTartuWidget */;
			targetProxy = 6346AF801C5E6BC500694EA7 /* PBXContainerItemProxy */;
		};
/* End PBXTargetDependency section */

/* Begin PBXVariantGroup section */
		6346AF791C5E6BC500694EA7 /* TodayViewController.xib */ = {
			isa = PBXVariantGroup;
			children = (
				6346AF7A1C5E6BC500694EA7 /* Base */,
			);
			name = TodayViewController.xib;
			sourceTree = "<group>";
		};
		6346AF7D1C5E6BC500694EA7 /* InfoPlist.strings */ = {
			isa = PBXVariantGroup;
			children = (
				6346AF7E1C5E6BC500694EA7 /* en */,
			);
			name = InfoPlist.strings;
			sourceTree = "<group>";
		};
		63E016AD1C595A89002D1C22 /* Main.storyboard */ = {
			isa = PBXVariantGroup;
			children = (
				63E016AE1C595A89002D1C22 /* Base */,
			);
			name = Main.storyboard;
			sourceTree = "<group>";
		};
/* End PBXVariantGroup section */

/* Begin XCBuildConfiguration section */
		6346AF841C5E6BC500694EA7 /* Debug */ = {
			isa = XCBuildConfiguration;
			baseConfigurationReference = 686F5FAF3E205539FEF3020C /* Pods-meteoTartuWidget.debug.xcconfig */;
			buildSettings = {
				CODE_SIGN_ENTITLEMENTS = meteoTartuWidget/meteoTartuWidget.entitlements;
				CODE_SIGN_IDENTITY = "";
				COMBINE_HIDPI_IMAGES = YES;
				EMBEDDED_CONTENT_CONTAINS_SWIFT = "$(inherited)";
				FRAMEWORK_SEARCH_PATHS = (
					"$(inherited)",
					"$(PROJECT_DIR)/build/Debug",
				);
				HEADER_SEARCH_PATHS = "$(SDKROOT)/usr/include/libxml2";
				INFOPLIST_FILE = meteoTartuWidget/Info.plist;
				LD_RUNPATH_SEARCH_PATHS = "$(inherited) @executable_path/../Frameworks @executable_path/../../../../Frameworks";
				PRODUCT_BUNDLE_IDENTIFIER = com.fassko.meteoTartu.meteoTartuWidget;
				PRODUCT_NAME = "$(TARGET_NAME)";
				SKIP_INSTALL = YES;
				SWIFT_VERSION = 3.0.1;
			};
			name = Debug;
		};
		6346AF851C5E6BC500694EA7 /* Release */ = {
			isa = XCBuildConfiguration;
			baseConfigurationReference = 8A52F7866619DD6D02B38785 /* Pods-meteoTartuWidget.release.xcconfig */;
			buildSettings = {
				CODE_SIGN_ENTITLEMENTS = meteoTartuWidget/meteoTartuWidget.entitlements;
				CODE_SIGN_IDENTITY = "Developer ID Application: Kristaps Grinbergs";
				COMBINE_HIDPI_IMAGES = YES;
				EMBEDDED_CONTENT_CONTAINS_SWIFT = "$(inherited)";
				FRAMEWORK_SEARCH_PATHS = (
					"$(inherited)",
					"$(PROJECT_DIR)/build/Debug",
				);
				HEADER_SEARCH_PATHS = "$(SDKROOT)/usr/include/libxml2";
				INFOPLIST_FILE = meteoTartuWidget/Info.plist;
				LD_RUNPATH_SEARCH_PATHS = "$(inherited) @executable_path/../Frameworks @executable_path/../../../../Frameworks";
				PRODUCT_BUNDLE_IDENTIFIER = com.fassko.meteoTartu.meteoTartuWidget;
				PRODUCT_NAME = "$(TARGET_NAME)";
				SKIP_INSTALL = YES;
				SWIFT_VERSION = 3.0.1;
			};
			name = Release;
		};
		63E016B11C595A89002D1C22 /* Debug */ = {
			isa = XCBuildConfiguration;
			buildSettings = {
				ALWAYS_SEARCH_USER_PATHS = NO;
				CLANG_CXX_LANGUAGE_STANDARD = "gnu++0x";
				CLANG_CXX_LIBRARY = "libc++";
				CLANG_ENABLE_MODULES = YES;
				CLANG_ENABLE_OBJC_ARC = YES;
				CLANG_WARN_BOOL_CONVERSION = YES;
				CLANG_WARN_CONSTANT_CONVERSION = YES;
				CLANG_WARN_DIRECT_OBJC_ISA_USAGE = YES_ERROR;
				CLANG_WARN_EMPTY_BODY = YES;
				CLANG_WARN_ENUM_CONVERSION = YES;
				CLANG_WARN_INT_CONVERSION = YES;
				CLANG_WARN_OBJC_ROOT_CLASS = YES_ERROR;
				CLANG_WARN_UNREACHABLE_CODE = YES;
				CLANG_WARN__DUPLICATE_METHOD_MATCH = YES;
				CODE_SIGN_IDENTITY = "";
				COPY_PHASE_STRIP = NO;
				CURRENT_PROJECT_VERSION = 1;
				DEBUG_INFORMATION_FORMAT = dwarf;
				EMBEDDED_CONTENT_CONTAINS_SWIFT = NO;
				ENABLE_STRICT_OBJC_MSGSEND = YES;
				ENABLE_TESTABILITY = YES;
				GCC_C_LANGUAGE_STANDARD = gnu99;
				GCC_DYNAMIC_NO_PIC = NO;
				GCC_NO_COMMON_BLOCKS = YES;
				GCC_OPTIMIZATION_LEVEL = 0;
				GCC_PREPROCESSOR_DEFINITIONS = (
					"DEBUG=1",
					"$(inherited)",
				);
				GCC_WARN_64_TO_32_BIT_CONVERSION = YES;
				GCC_WARN_ABOUT_RETURN_TYPE = YES_ERROR;
				GCC_WARN_UNDECLARED_SELECTOR = YES;
				GCC_WARN_UNINITIALIZED_AUTOS = YES_AGGRESSIVE;
				GCC_WARN_UNUSED_FUNCTION = YES;
				GCC_WARN_UNUSED_VARIABLE = YES;
				MACOSX_DEPLOYMENT_TARGET = 10.12;
				MTL_ENABLE_DEBUG_INFO = YES;
				ONLY_ACTIVE_ARCH = YES;
				SDKROOT = macosx;
				SWIFT_OPTIMIZATION_LEVEL = "-Onone";
				SWIFT_VERSION = 3.0.1;
				VERSIONING_SYSTEM = "apple-generic";
			};
			name = Debug;
		};
		63E016B21C595A89002D1C22 /* Release */ = {
			isa = XCBuildConfiguration;
			buildSettings = {
				ALWAYS_SEARCH_USER_PATHS = NO;
				CLANG_CXX_LANGUAGE_STANDARD = "gnu++0x";
				CLANG_CXX_LIBRARY = "libc++";
				CLANG_ENABLE_MODULES = YES;
				CLANG_ENABLE_OBJC_ARC = YES;
				CLANG_WARN_BOOL_CONVERSION = YES;
				CLANG_WARN_CONSTANT_CONVERSION = YES;
				CLANG_WARN_DIRECT_OBJC_ISA_USAGE = YES_ERROR;
				CLANG_WARN_EMPTY_BODY = YES;
				CLANG_WARN_ENUM_CONVERSION = YES;
				CLANG_WARN_INT_CONVERSION = YES;
				CLANG_WARN_OBJC_ROOT_CLASS = YES_ERROR;
				CLANG_WARN_UNREACHABLE_CODE = YES;
				CLANG_WARN__DUPLICATE_METHOD_MATCH = YES;
				CODE_SIGN_IDENTITY = "Developer ID Application: Kristaps Grinbergs";
				COPY_PHASE_STRIP = NO;
				CURRENT_PROJECT_VERSION = 1;
				DEBUG_INFORMATION_FORMAT = "dwarf-with-dsym";
				EMBEDDED_CONTENT_CONTAINS_SWIFT = NO;
				ENABLE_NS_ASSERTIONS = NO;
				ENABLE_STRICT_OBJC_MSGSEND = YES;
				GCC_C_LANGUAGE_STANDARD = gnu99;
				GCC_NO_COMMON_BLOCKS = YES;
				GCC_WARN_64_TO_32_BIT_CONVERSION = YES;
				GCC_WARN_ABOUT_RETURN_TYPE = YES_ERROR;
				GCC_WARN_UNDECLARED_SELECTOR = YES;
				GCC_WARN_UNINITIALIZED_AUTOS = YES_AGGRESSIVE;
				GCC_WARN_UNUSED_FUNCTION = YES;
				GCC_WARN_UNUSED_VARIABLE = YES;
				MACOSX_DEPLOYMENT_TARGET = 10.12;
				MTL_ENABLE_DEBUG_INFO = NO;
				SDKROOT = macosx;
				SWIFT_VERSION = 3.0.1;
				VERSIONING_SYSTEM = "apple-generic";
			};
			name = Release;
		};
		63E016B41C595A89002D1C22 /* Debug */ = {
			isa = XCBuildConfiguration;
			baseConfigurationReference = 3C6C0E6B6521E9ED2BC6B6AA /* Pods-TartuWeather.debug.xcconfig */;
			buildSettings = {
				ASSETCATALOG_COMPILER_APPICON_NAME = AppIcon;
				CODE_SIGN_ENTITLEMENTS = TartuWeather/TartuWeather.entitlements;
				CODE_SIGN_IDENTITY = "";
				COMBINE_HIDPI_IMAGES = YES;
				EMBEDDED_CONTENT_CONTAINS_SWIFT = "$(inherited)";
				INFOPLIST_FILE = TartuWeather/Info.plist;
				LD_RUNPATH_SEARCH_PATHS = "$(inherited) @executable_path/../Frameworks";
				MACOSX_DEPLOYMENT_TARGET = 10.12;
				PRODUCT_BUNDLE_IDENTIFIER = com.fassko.meteoTartu;
				PRODUCT_NAME = "$(TARGET_NAME)";
				SWIFT_VERSION = 3.0.1;
			};
			name = Debug;
		};
		63E016B51C595A89002D1C22 /* Release */ = {
			isa = XCBuildConfiguration;
			baseConfigurationReference = CEF8A60B87FFDE3BA4265AFD /* Pods-TartuWeather.release.xcconfig */;
			buildSettings = {
				ASSETCATALOG_COMPILER_APPICON_NAME = AppIcon;
				CODE_SIGN_ENTITLEMENTS = TartuWeather/TartuWeather.entitlements;
				CODE_SIGN_IDENTITY = "Developer ID Application: Kristaps Grinbergs";
				COMBINE_HIDPI_IMAGES = YES;
				EMBEDDED_CONTENT_CONTAINS_SWIFT = "$(inherited)";
				INFOPLIST_FILE = TartuWeather/Info.plist;
				LD_RUNPATH_SEARCH_PATHS = "$(inherited) @executable_path/../Frameworks";
				MACOSX_DEPLOYMENT_TARGET = 10.12;
				PRODUCT_BUNDLE_IDENTIFIER = com.fassko.meteoTartu;
				PRODUCT_NAME = "$(TARGET_NAME)";
				SWIFT_VERSION = 3.0.1;
			};
			name = Release;
		};
/* End XCBuildConfiguration section */

/* Begin XCConfigurationList section */
		6346AF831C5E6BC500694EA7 /* Build configuration list for PBXNativeTarget "meteoTartuWidget" */ = {
			isa = XCConfigurationList;
			buildConfigurations = (
				6346AF841C5E6BC500694EA7 /* Debug */,
				6346AF851C5E6BC500694EA7 /* Release */,
			);
			defaultConfigurationIsVisible = 0;
			defaultConfigurationName = Release;
		};
		63E0169F1C595A89002D1C22 /* Build configuration list for PBXProject "TartuWeather" */ = {
			isa = XCConfigurationList;
			buildConfigurations = (
				63E016B11C595A89002D1C22 /* Debug */,
				63E016B21C595A89002D1C22 /* Release */,
			);
			defaultConfigurationIsVisible = 0;
			defaultConfigurationName = Release;
		};
		63E016B31C595A89002D1C22 /* Build configuration list for PBXNativeTarget "TartuWeather" */ = {
			isa = XCConfigurationList;
			buildConfigurations = (
				63E016B41C595A89002D1C22 /* Debug */,
				63E016B51C595A89002D1C22 /* Release */,
			);
			defaultConfigurationIsVisible = 0;
			defaultConfigurationName = Release;
		};
/* End XCConfigurationList section */
	};
	rootObject = 63E0169C1C595A89002D1C22 /* Project object */;
}
